{
  "version": "5",
  "specifiers": {
    "jsr:@evex/linejs-types@^2.1.2": "2.1.2",
    "jsr:@evex/linejs@^2.1.2": "2.1.2",
    "jsr:@std/bytes@^1.0.5": "1.0.5",
    "jsr:@std/dotenv@~0.225.3": "0.225.3",
    "jsr:@std/io@~0.225.2": "0.225.2",
    "npm:@types/node@*": "18.16.19",
    "npm:crypto-js@^4.2.0": "4.2.0",
    "npm:curve25519-js@^0.0.4": "0.0.4",
    "npm:node-bignumber@^1.2.2": "1.2.2",
    "npm:node-int64@0.4": "0.4.0",
    "npm:thrift@0.20": "0.20.0_ws@5.2.4",
    "npm:tweetnacl@^1.0.3": "1.0.3",
    "npm:uqr@~0.1.2": "0.1.2"
  },
  "jsr": {
    "@evex/linejs@2.1.2": {
      "integrity": "f1290ab2e6d3948ca1e34ed92c0f535adf414e8e46d7d0b8a6b288986f0927ed",
      "dependencies": [
        "jsr:@evex/linejs-types",
        "npm:crypto-js",
        "npm:curve25519-js",
        "npm:node-bignumber",
        "npm:node-int64",
        "npm:thrift",
        "npm:tweetnacl"
      ]
    },
    "@evex/linejs-types@2.1.2": {
      "integrity": "eb452c0748a4e2b1599bf2b9b3844b9bb4180e6eb965c75881a311527032da90"
    },
    "@std/bytes@1.0.5": {
      "integrity": "4465dd739d7963d964c809202ebea6d5c6b8e3829ef25c6a224290fbb8a1021e"
    },
    "@std/dotenv@0.225.3": {
      "integrity": "a95e5b812c27b0854c52acbae215856d9cce9d4bbf774d938c51d212711e8d4a"
    },
    "@std/io@0.225.2": {
      "integrity": "3c740cd4ee4c082e6cfc86458f47e2ab7cb353dc6234d5e9b1f91a2de5f4d6c7",
      "dependencies": [
        "jsr:@std/bytes"
      ]
    }
  },
  "npm": {
    "@types/node@18.16.19": {
      "integrity": "sha512-IXl7o+R9iti9eBW4Wg2hx1xQDig183jj7YLn8F7udNceyfkbn1ZxmzZXuak20gR40D7pIkIY1kYGx5VIGbaHKA=="
    },
    "async-limiter@1.0.1": {
      "integrity": "sha512-csOlWGAcRFJaI6m+F2WKdnMKr4HhdhFVBk0H/QbJFMCr+uO2kwohwXQPxw/9OCxp05r5ghVBFSyioixx3gfkNQ=="
    },
    "browser-or-node@1.3.0": {
      "integrity": "sha512-0F2z/VSnLbmEeBcUrSuDH5l0HxTXdQQzLjkmBR4cYfvg1zJrKSlmIZFqyFR8oX0NrwPhy3c3HQ6i3OxMbew4Tg=="
    },
    "crypto-js@4.2.0": {
      "integrity": "sha512-KALDyEYgpY+Rlob/iriUtjV6d5Eq+Y191A5g4UqLAi8CyGP9N1+FdVbkc1SxKc2r4YAYqG8JzO2KGL+AizD70Q=="
    },
    "curve25519-js@0.0.4": {
      "integrity": "sha512-axn2UMEnkhyDUPWOwVKBMVIzSQy2ejH2xRGy1wq81dqRwApXfIzfbE3hIX0ZRFBIihf/KDqK158DLwESu4AK1w=="
    },
    "isomorphic-ws@4.0.1_ws@5.2.4": {
      "integrity": "sha512-BhBvN2MBpWTaSHdWRb/bwdZJ1WaehQ2L1KngkCkfLUGF0mAWAT1sQUQacEmQ0jXkFw/czDXPNQSL5u2/Krsz1w==",
      "dependencies": [
        "ws"
      ]
    },
    "node-bignumber@1.2.2": {
      "integrity": "sha512-VoTZHmdFQpZH1+q1dz2qcHNCwTWsJg2T3PYwlAyDNFOfVhSYUKQBLFcCpCud+wJBGgCttGavZILaIggDIKqEQQ=="
    },
    "node-int64@0.4.0": {
      "integrity": "sha512-O5lz91xSOeoXP6DulyHfllpq+Eg00MWitZIbtPfoSEvqIHdl5gfcY6hYzDWnj0qD5tz52PI08u9qUvSVeUBeHw=="
    },
    "q@1.5.1": {
      "integrity": "sha512-kV/CThkXo6xyFEZUugw/+pIOywXcDbFYgSct5cT3gqlbkBE1SJdwy6UQoZvodiWF/ckQLZyDE/Bu1M6gVu5lVw==",
      "deprecated": true
    },
    "thrift@0.20.0_ws@5.2.4": {
      "integrity": "sha512-oSmJTaoIAGolpupVHFfsWcmdEKX81fcDI6ty0hhezzdgZvp0XyXgMe9+1YusI8Ahy0HK4n8jlNrkPjOPeHZjdQ==",
      "dependencies": [
        "browser-or-node",
        "isomorphic-ws",
        "node-int64",
        "q",
        "ws"
      ]
    },
    "tweetnacl@1.0.3": {
      "integrity": "sha512-6rt+RN7aOi1nGMyC4Xa5DdYiukl2UWCbcJft7YhxReBGQD7OAM8Pbxw6YMo4r2diNEA8FEmu32YOn9rhaiE5yw=="
    },
    "uqr@0.1.2": {
      "integrity": "sha512-MJu7ypHq6QasgF5YRTjqscSzQp/W11zoUk6kvmlH+fmWEs63Y0Eib13hYFwAzagRJcVY8WVnlV+eBDUGMJ5IbA=="
    },
    "ws@5.2.4": {
      "integrity": "sha512-fFCejsuC8f9kOSu9FYaOw8CdO68O3h5v0lg4p74o8JqWpwTf9tniOD+nOB78aWoVSS6WptVUmDrp/KPsMVBWFQ==",
      "dependencies": [
        "async-limiter"
      ]
    }
  },
  "workspace": {
    "dependencies": [
      "jsr:@evex/linejs-types@^2.1.2",
      "jsr:@evex/linejs@^2.1.2",
      "jsr:@std/dotenv@~0.225.3",
      "jsr:@std/io@~0.225.2",
      "npm:uqr@~0.1.2"
    ]
  }
}
